
Microsoft Visual Studio Solution File, Format Version 11.00
# Visual Studio 2010
Project("{FAE04EC0-301F-11D3-BF4B-00C04F79EFBC}") = "OtherTestProject.Console", "OtherTestProject.Console\OtherTestProject.Console.csproj", "{A1A1862E-7092-4759-9ADC-DA66C6C4EBE5}"
EndProject
Project("{2150E333-8FDC-42A3-9474-1A3956D46DE8}") = "Wd.DesignPattern", "Wd.DesignPattern", "{EF885282-048F-4E10-BAD4-B274CC243515}"
	ProjectSection(SolutionItems) = preProject
		readme.txt = readme.txt
	EndProjectSection
EndProject
Project("{FAE04EC0-301F-11D3-BF4B-00C04F79EFBC}") = "Wd.StrategyPattern", "Wd.StrategyPattern\Wd.StrategyPattern.csproj", "{6BB7C280-6025-4EC3-89E8-B84E3AAA10C3}"
EndProject
Project("{FAE04EC0-301F-11D3-BF4B-00C04F79EFBC}") = "Wd.ObserverPattern", "Wd.ObserverPattern\Wd.ObserverPattern.csproj", "{FA202670-4BCF-4444-B082-3AFBFBB4D5E8}"
EndProject
Project("{2150E333-8FDC-42A3-9474-1A3956D46DE8}") = "Wd.CommonUtil", "Wd.CommonUtil", "{A3EE8A92-3CD5-4F8D-9962-6E70A5D54FDF}"
EndProject
Project("{FAE04EC0-301F-11D3-BF4B-00C04F79EFBC}") = "Wd.Common.Test", "Wd.Common.Test\Wd.Common.Test.csproj", "{7A9ABA6D-C7EB-48E4-8B5D-9F83CE63363B}"
EndProject
Project("{FAE04EC0-301F-11D3-BF4B-00C04F79EFBC}") = "Wd.Extensions.Test", "Wd.Extensions.Test\Wd.Extensions.Test.csproj", "{11522EDE-2062-4547-B072-51041E81C697}"
EndProject
Project("{2150E333-8FDC-42A3-9474-1A3956D46DE8}") = "Wd.Test", "Wd.Test", "{C87EB4E0-F35F-4C23-8EC3-09EDE3ADFC30}"
EndProject
Project("{2150E333-8FDC-42A3-9474-1A3956D46DE8}") = "Wd.Algorithm", "Wd.Algorithm", "{732852EF-A324-45C6-99B5-4D774B80DA0D}"
EndProject
Project("{FAE04EC0-301F-11D3-BF4B-00C04F79EFBC}") = "Wd.AlgorithmApp", "Wd.AlgorithmApp\Wd.AlgorithmApp.csproj", "{5BD93641-4221-4C36-9D26-A244DA662031}"
EndProject
Project("{FAE04EC0-301F-11D3-BF4B-00C04F79EFBC}") = "Wd.SortAlgorithm", "Wd.SortAlgorithm\Wd.SortAlgorithm.csproj", "{8986E5DB-3B09-4B87-8A13-0B56C0142E35}"
EndProject
Project("{FAE04EC0-301F-11D3-BF4B-00C04F79EFBC}") = "Wd.AlgorithmApp.Test", "Wd.AlgorithmApp.Test\Wd.AlgorithmApp.Test.csproj", "{77D147AD-C9F3-4FC6-B777-A162743875B0}"
EndProject
Project("{FAE04EC0-301F-11D3-BF4B-00C04F79EFBC}") = "Wd.SortAlgorithm.Test", "Wd.SortAlgorithm.Test\Wd.SortAlgorithm.Test.csproj", "{7EFFF5F3-68C9-4197-BBB3-D4EB1F25E078}"
EndProject
Project("{FAE04EC0-301F-11D3-BF4B-00C04F79EFBC}") = "Wd.Common", "Wd.Common\Wd.Common.csproj", "{7001A56A-0294-4216-8EB1-E84E60BD463C}"
EndProject
Project("{FAE04EC0-301F-11D3-BF4B-00C04F79EFBC}") = "Wd.Extensions", "Wd.Extensions\Wd.Extensions.csproj", "{BD58E67F-0888-446B-A73D-59097857805A}"
EndProject
Project("{FAE04EC0-301F-11D3-BF4B-00C04F79EFBC}") = "Wd.SingletonPattern", "Wd.SingletonPattern\Wd.SingletonPattern.csproj", "{27F090CD-B7D5-4AB6-A905-87D044DBD97F}"
EndProject
Project("{FAE04EC0-301F-11D3-BF4B-00C04F79EFBC}") = "Wd.BuilderPattern", "Wd.BuilderPattern\Wd.BuilderPattern.csproj", "{C3785974-E352-4809-98F1-0ACED463D643}"
EndProject
Project("{2150E333-8FDC-42A3-9474-1A3956D46DE8}") = "Creational Patterns", "Creational Patterns", "{783C202F-BA87-4A0C-BBBB-4A22FAC1EE25}"
	ProjectSection(SolutionItems) = preProject
		readme.txt = readme.txt
	EndProjectSection
EndProject
Project("{2150E333-8FDC-42A3-9474-1A3956D46DE8}") = "Structural Patterns", "Structural Patterns", "{8E6F7F97-3271-4638-B901-633725F60D75}"
EndProject
Project("{FAE04EC0-301F-11D3-BF4B-00C04F79EFBC}") = "Wd.AdapterPattern", "Wd.AdapterPattern\Wd.AdapterPattern.csproj", "{A8A67260-4859-4C6D-AC2E-D98AEB2F352A}"
EndProject
Project("{FAE04EC0-301F-11D3-BF4B-00C04F79EFBC}") = "Wd.BridgePattern", "Wd.BridgePattern\Wd.BridgePattern.csproj", "{58F1F1A4-33C7-42B4-ABC4-5DCB44AF0B5E}"
EndProject
Global
	GlobalSection(SolutionConfigurationPlatforms) = preSolution
		Debug|Any CPU = Debug|Any CPU
		Debug|Mixed Platforms = Debug|Mixed Platforms
		Debug|x86 = Debug|x86
		Release|Any CPU = Release|Any CPU
		Release|Mixed Platforms = Release|Mixed Platforms
		Release|x86 = Release|x86
	EndGlobalSection
	GlobalSection(ProjectConfigurationPlatforms) = postSolution
		{A1A1862E-7092-4759-9ADC-DA66C6C4EBE5}.Debug|Any CPU.ActiveCfg = Debug|x86
		{A1A1862E-7092-4759-9ADC-DA66C6C4EBE5}.Debug|Mixed Platforms.ActiveCfg = Debug|x86
		{A1A1862E-7092-4759-9ADC-DA66C6C4EBE5}.Debug|Mixed Platforms.Build.0 = Debug|x86
		{A1A1862E-7092-4759-9ADC-DA66C6C4EBE5}.Debug|x86.ActiveCfg = Debug|x86
		{A1A1862E-7092-4759-9ADC-DA66C6C4EBE5}.Debug|x86.Build.0 = Debug|x86
		{A1A1862E-7092-4759-9ADC-DA66C6C4EBE5}.Release|Any CPU.ActiveCfg = Release|x86
		{A1A1862E-7092-4759-9ADC-DA66C6C4EBE5}.Release|Mixed Platforms.ActiveCfg = Release|x86
		{A1A1862E-7092-4759-9ADC-DA66C6C4EBE5}.Release|Mixed Platforms.Build.0 = Release|x86
		{A1A1862E-7092-4759-9ADC-DA66C6C4EBE5}.Release|x86.ActiveCfg = Release|x86
		{A1A1862E-7092-4759-9ADC-DA66C6C4EBE5}.Release|x86.Build.0 = Release|x86
		{6BB7C280-6025-4EC3-89E8-B84E3AAA10C3}.Debug|Any CPU.ActiveCfg = Debug|x86
		{6BB7C280-6025-4EC3-89E8-B84E3AAA10C3}.Debug|Mixed Platforms.ActiveCfg = Debug|x86
		{6BB7C280-6025-4EC3-89E8-B84E3AAA10C3}.Debug|Mixed Platforms.Build.0 = Debug|x86
		{6BB7C280-6025-4EC3-89E8-B84E3AAA10C3}.Debug|x86.ActiveCfg = Debug|x86
		{6BB7C280-6025-4EC3-89E8-B84E3AAA10C3}.Debug|x86.Build.0 = Debug|x86
		{6BB7C280-6025-4EC3-89E8-B84E3AAA10C3}.Release|Any CPU.ActiveCfg = Release|x86
		{6BB7C280-6025-4EC3-89E8-B84E3AAA10C3}.Release|Mixed Platforms.ActiveCfg = Release|x86
		{6BB7C280-6025-4EC3-89E8-B84E3AAA10C3}.Release|Mixed Platforms.Build.0 = Release|x86
		{6BB7C280-6025-4EC3-89E8-B84E3AAA10C3}.Release|x86.ActiveCfg = Release|x86
		{6BB7C280-6025-4EC3-89E8-B84E3AAA10C3}.Release|x86.Build.0 = Release|x86
		{FA202670-4BCF-4444-B082-3AFBFBB4D5E8}.Debug|Any CPU.ActiveCfg = Debug|x86
		{FA202670-4BCF-4444-B082-3AFBFBB4D5E8}.Debug|Mixed Platforms.ActiveCfg = Debug|x86
		{FA202670-4BCF-4444-B082-3AFBFBB4D5E8}.Debug|Mixed Platforms.Build.0 = Debug|x86
		{FA202670-4BCF-4444-B082-3AFBFBB4D5E8}.Debug|x86.ActiveCfg = Debug|x86
		{FA202670-4BCF-4444-B082-3AFBFBB4D5E8}.Debug|x86.Build.0 = Debug|x86
		{FA202670-4BCF-4444-B082-3AFBFBB4D5E8}.Release|Any CPU.ActiveCfg = Release|x86
		{FA202670-4BCF-4444-B082-3AFBFBB4D5E8}.Release|Mixed Platforms.ActiveCfg = Release|x86
		{FA202670-4BCF-4444-B082-3AFBFBB4D5E8}.Release|Mixed Platforms.Build.0 = Release|x86
		{FA202670-4BCF-4444-B082-3AFBFBB4D5E8}.Release|x86.ActiveCfg = Release|x86
		{FA202670-4BCF-4444-B082-3AFBFBB4D5E8}.Release|x86.Build.0 = Release|x86
		{7A9ABA6D-C7EB-48E4-8B5D-9F83CE63363B}.Debug|Any CPU.ActiveCfg = Debug|x86
		{7A9ABA6D-C7EB-48E4-8B5D-9F83CE63363B}.Debug|Mixed Platforms.ActiveCfg = Debug|x86
		{7A9ABA6D-C7EB-48E4-8B5D-9F83CE63363B}.Debug|Mixed Platforms.Build.0 = Debug|x86
		{7A9ABA6D-C7EB-48E4-8B5D-9F83CE63363B}.Debug|x86.ActiveCfg = Debug|x86
		{7A9ABA6D-C7EB-48E4-8B5D-9F83CE63363B}.Debug|x86.Build.0 = Debug|x86
		{7A9ABA6D-C7EB-48E4-8B5D-9F83CE63363B}.Release|Any CPU.ActiveCfg = Release|x86
		{7A9ABA6D-C7EB-48E4-8B5D-9F83CE63363B}.Release|Mixed Platforms.ActiveCfg = Release|x86
		{7A9ABA6D-C7EB-48E4-8B5D-9F83CE63363B}.Release|Mixed Platforms.Build.0 = Release|x86
		{7A9ABA6D-C7EB-48E4-8B5D-9F83CE63363B}.Release|x86.ActiveCfg = Release|x86
		{7A9ABA6D-C7EB-48E4-8B5D-9F83CE63363B}.Release|x86.Build.0 = Release|x86
		{11522EDE-2062-4547-B072-51041E81C697}.Debug|Any CPU.ActiveCfg = Debug|x86
		{11522EDE-2062-4547-B072-51041E81C697}.Debug|Mixed Platforms.ActiveCfg = Debug|x86
		{11522EDE-2062-4547-B072-51041E81C697}.Debug|Mixed Platforms.Build.0 = Debug|x86
		{11522EDE-2062-4547-B072-51041E81C697}.Debug|x86.ActiveCfg = Debug|x86
		{11522EDE-2062-4547-B072-51041E81C697}.Debug|x86.Build.0 = Debug|x86
		{11522EDE-2062-4547-B072-51041E81C697}.Release|Any CPU.ActiveCfg = Release|x86
		{11522EDE-2062-4547-B072-51041E81C697}.Release|Mixed Platforms.ActiveCfg = Release|x86
		{11522EDE-2062-4547-B072-51041E81C697}.Release|Mixed Platforms.Build.0 = Release|x86
		{11522EDE-2062-4547-B072-51041E81C697}.Release|x86.ActiveCfg = Release|x86
		{11522EDE-2062-4547-B072-51041E81C697}.Release|x86.Build.0 = Release|x86
		{5BD93641-4221-4C36-9D26-A244DA662031}.Debug|Any CPU.ActiveCfg = Debug|Any CPU
		{5BD93641-4221-4C36-9D26-A244DA662031}.Debug|Any CPU.Build.0 = Debug|Any CPU
		{5BD93641-4221-4C36-9D26-A244DA662031}.Debug|Mixed Platforms.ActiveCfg = Debug|Any CPU
		{5BD93641-4221-4C36-9D26-A244DA662031}.Debug|Mixed Platforms.Build.0 = Debug|Any CPU
		{5BD93641-4221-4C36-9D26-A244DA662031}.Debug|x86.ActiveCfg = Debug|Any CPU
		{5BD93641-4221-4C36-9D26-A244DA662031}.Release|Any CPU.ActiveCfg = Release|Any CPU
		{5BD93641-4221-4C36-9D26-A244DA662031}.Release|Any CPU.Build.0 = Release|Any CPU
		{5BD93641-4221-4C36-9D26-A244DA662031}.Release|Mixed Platforms.ActiveCfg = Release|Any CPU
		{5BD93641-4221-4C36-9D26-A244DA662031}.Release|Mixed Platforms.Build.0 = Release|Any CPU
		{5BD93641-4221-4C36-9D26-A244DA662031}.Release|x86.ActiveCfg = Release|Any CPU
		{8986E5DB-3B09-4B87-8A13-0B56C0142E35}.Debug|Any CPU.ActiveCfg = Debug|Any CPU
		{8986E5DB-3B09-4B87-8A13-0B56C0142E35}.Debug|Any CPU.Build.0 = Debug|Any CPU
		{8986E5DB-3B09-4B87-8A13-0B56C0142E35}.Debug|Mixed Platforms.ActiveCfg = Debug|Any CPU
		{8986E5DB-3B09-4B87-8A13-0B56C0142E35}.Debug|Mixed Platforms.Build.0 = Debug|Any CPU
		{8986E5DB-3B09-4B87-8A13-0B56C0142E35}.Debug|x86.ActiveCfg = Debug|Any CPU
		{8986E5DB-3B09-4B87-8A13-0B56C0142E35}.Release|Any CPU.ActiveCfg = Release|Any CPU
		{8986E5DB-3B09-4B87-8A13-0B56C0142E35}.Release|Any CPU.Build.0 = Release|Any CPU
		{8986E5DB-3B09-4B87-8A13-0B56C0142E35}.Release|Mixed Platforms.ActiveCfg = Release|Any CPU
		{8986E5DB-3B09-4B87-8A13-0B56C0142E35}.Release|Mixed Platforms.Build.0 = Release|Any CPU
		{8986E5DB-3B09-4B87-8A13-0B56C0142E35}.Release|x86.ActiveCfg = Release|Any CPU
		{77D147AD-C9F3-4FC6-B777-A162743875B0}.Debug|Any CPU.ActiveCfg = Debug|x86
		{77D147AD-C9F3-4FC6-B777-A162743875B0}.Debug|Mixed Platforms.ActiveCfg = Debug|x86
		{77D147AD-C9F3-4FC6-B777-A162743875B0}.Debug|Mixed Platforms.Build.0 = Debug|x86
		{77D147AD-C9F3-4FC6-B777-A162743875B0}.Debug|x86.ActiveCfg = Debug|x86
		{77D147AD-C9F3-4FC6-B777-A162743875B0}.Debug|x86.Build.0 = Debug|x86
		{77D147AD-C9F3-4FC6-B777-A162743875B0}.Release|Any CPU.ActiveCfg = Release|x86
		{77D147AD-C9F3-4FC6-B777-A162743875B0}.Release|Mixed Platforms.ActiveCfg = Release|x86
		{77D147AD-C9F3-4FC6-B777-A162743875B0}.Release|Mixed Platforms.Build.0 = Release|x86
		{77D147AD-C9F3-4FC6-B777-A162743875B0}.Release|x86.ActiveCfg = Release|x86
		{77D147AD-C9F3-4FC6-B777-A162743875B0}.Release|x86.Build.0 = Release|x86
		{7EFFF5F3-68C9-4197-BBB3-D4EB1F25E078}.Debug|Any CPU.ActiveCfg = Debug|x86
		{7EFFF5F3-68C9-4197-BBB3-D4EB1F25E078}.Debug|Mixed Platforms.ActiveCfg = Debug|x86
		{7EFFF5F3-68C9-4197-BBB3-D4EB1F25E078}.Debug|Mixed Platforms.Build.0 = Debug|x86
		{7EFFF5F3-68C9-4197-BBB3-D4EB1F25E078}.Debug|x86.ActiveCfg = Debug|x86
		{7EFFF5F3-68C9-4197-BBB3-D4EB1F25E078}.Debug|x86.Build.0 = Debug|x86
		{7EFFF5F3-68C9-4197-BBB3-D4EB1F25E078}.Release|Any CPU.ActiveCfg = Release|x86
		{7EFFF5F3-68C9-4197-BBB3-D4EB1F25E078}.Release|Mixed Platforms.ActiveCfg = Release|x86
		{7EFFF5F3-68C9-4197-BBB3-D4EB1F25E078}.Release|Mixed Platforms.Build.0 = Release|x86
		{7EFFF5F3-68C9-4197-BBB3-D4EB1F25E078}.Release|x86.ActiveCfg = Release|x86
		{7EFFF5F3-68C9-4197-BBB3-D4EB1F25E078}.Release|x86.Build.0 = Release|x86
		{7001A56A-0294-4216-8EB1-E84E60BD463C}.Debug|Any CPU.ActiveCfg = Debug|Any CPU
		{7001A56A-0294-4216-8EB1-E84E60BD463C}.Debug|Any CPU.Build.0 = Debug|Any CPU
		{7001A56A-0294-4216-8EB1-E84E60BD463C}.Debug|Mixed Platforms.ActiveCfg = Debug|Any CPU
		{7001A56A-0294-4216-8EB1-E84E60BD463C}.Debug|Mixed Platforms.Build.0 = Debug|Any CPU
		{7001A56A-0294-4216-8EB1-E84E60BD463C}.Debug|x86.ActiveCfg = Debug|Any CPU
		{7001A56A-0294-4216-8EB1-E84E60BD463C}.Release|Any CPU.ActiveCfg = Release|Any CPU
		{7001A56A-0294-4216-8EB1-E84E60BD463C}.Release|Any CPU.Build.0 = Release|Any CPU
		{7001A56A-0294-4216-8EB1-E84E60BD463C}.Release|Mixed Platforms.ActiveCfg = Release|Any CPU
		{7001A56A-0294-4216-8EB1-E84E60BD463C}.Release|Mixed Platforms.Build.0 = Release|Any CPU
		{7001A56A-0294-4216-8EB1-E84E60BD463C}.Release|x86.ActiveCfg = Release|Any CPU
		{BD58E67F-0888-446B-A73D-59097857805A}.Debug|Any CPU.ActiveCfg = Debug|Any CPU
		{BD58E67F-0888-446B-A73D-59097857805A}.Debug|Any CPU.Build.0 = Debug|Any CPU
		{BD58E67F-0888-446B-A73D-59097857805A}.Debug|Mixed Platforms.ActiveCfg = Debug|Any CPU
		{BD58E67F-0888-446B-A73D-59097857805A}.Debug|Mixed Platforms.Build.0 = Debug|Any CPU
		{BD58E67F-0888-446B-A73D-59097857805A}.Debug|x86.ActiveCfg = Debug|Any CPU
		{BD58E67F-0888-446B-A73D-59097857805A}.Release|Any CPU.ActiveCfg = Release|Any CPU
		{BD58E67F-0888-446B-A73D-59097857805A}.Release|Any CPU.Build.0 = Release|Any CPU
		{BD58E67F-0888-446B-A73D-59097857805A}.Release|Mixed Platforms.ActiveCfg = Release|Any CPU
		{BD58E67F-0888-446B-A73D-59097857805A}.Release|Mixed Platforms.Build.0 = Release|Any CPU
		{BD58E67F-0888-446B-A73D-59097857805A}.Release|x86.ActiveCfg = Release|Any CPU
		{27F090CD-B7D5-4AB6-A905-87D044DBD97F}.Debug|Any CPU.ActiveCfg = Debug|x86
		{27F090CD-B7D5-4AB6-A905-87D044DBD97F}.Debug|Mixed Platforms.ActiveCfg = Debug|x86
		{27F090CD-B7D5-4AB6-A905-87D044DBD97F}.Debug|Mixed Platforms.Build.0 = Debug|x86
		{27F090CD-B7D5-4AB6-A905-87D044DBD97F}.Debug|x86.ActiveCfg = Debug|x86
		{27F090CD-B7D5-4AB6-A905-87D044DBD97F}.Debug|x86.Build.0 = Debug|x86
		{27F090CD-B7D5-4AB6-A905-87D044DBD97F}.Release|Any CPU.ActiveCfg = Release|x86
		{27F090CD-B7D5-4AB6-A905-87D044DBD97F}.Release|Mixed Platforms.ActiveCfg = Release|x86
		{27F090CD-B7D5-4AB6-A905-87D044DBD97F}.Release|Mixed Platforms.Build.0 = Release|x86
		{27F090CD-B7D5-4AB6-A905-87D044DBD97F}.Release|x86.ActiveCfg = Release|x86
		{27F090CD-B7D5-4AB6-A905-87D044DBD97F}.Release|x86.Build.0 = Release|x86
		{C3785974-E352-4809-98F1-0ACED463D643}.Debug|Any CPU.ActiveCfg = Debug|x86
		{C3785974-E352-4809-98F1-0ACED463D643}.Debug|Mixed Platforms.ActiveCfg = Debug|x86
		{C3785974-E352-4809-98F1-0ACED463D643}.Debug|Mixed Platforms.Build.0 = Debug|x86
		{C3785974-E352-4809-98F1-0ACED463D643}.Debug|x86.ActiveCfg = Debug|x86
		{C3785974-E352-4809-98F1-0ACED463D643}.Debug|x86.Build.0 = Debug|x86
		{C3785974-E352-4809-98F1-0ACED463D643}.Release|Any CPU.ActiveCfg = Release|x86
		{C3785974-E352-4809-98F1-0ACED463D643}.Release|Mixed Platforms.ActiveCfg = Release|x86
		{C3785974-E352-4809-98F1-0ACED463D643}.Release|Mixed Platforms.Build.0 = Release|x86
		{C3785974-E352-4809-98F1-0ACED463D643}.Release|x86.ActiveCfg = Release|x86
		{C3785974-E352-4809-98F1-0ACED463D643}.Release|x86.Build.0 = Release|x86
		{A8A67260-4859-4C6D-AC2E-D98AEB2F352A}.Debug|Any CPU.ActiveCfg = Debug|x86
		{A8A67260-4859-4C6D-AC2E-D98AEB2F352A}.Debug|Mixed Platforms.ActiveCfg = Debug|x86
		{A8A67260-4859-4C6D-AC2E-D98AEB2F352A}.Debug|Mixed Platforms.Build.0 = Debug|x86
		{A8A67260-4859-4C6D-AC2E-D98AEB2F352A}.Debug|x86.ActiveCfg = Debug|x86
		{A8A67260-4859-4C6D-AC2E-D98AEB2F352A}.Debug|x86.Build.0 = Debug|x86
		{A8A67260-4859-4C6D-AC2E-D98AEB2F352A}.Release|Any CPU.ActiveCfg = Release|x86
		{A8A67260-4859-4C6D-AC2E-D98AEB2F352A}.Release|Mixed Platforms.ActiveCfg = Release|x86
		{A8A67260-4859-4C6D-AC2E-D98AEB2F352A}.Release|Mixed Platforms.Build.0 = Release|x86
		{A8A67260-4859-4C6D-AC2E-D98AEB2F352A}.Release|x86.ActiveCfg = Release|x86
		{A8A67260-4859-4C6D-AC2E-D98AEB2F352A}.Release|x86.Build.0 = Release|x86
		{58F1F1A4-33C7-42B4-ABC4-5DCB44AF0B5E}.Debug|Any CPU.ActiveCfg = Debug|x86
		{58F1F1A4-33C7-42B4-ABC4-5DCB44AF0B5E}.Debug|Mixed Platforms.ActiveCfg = Debug|x86
		{58F1F1A4-33C7-42B4-ABC4-5DCB44AF0B5E}.Debug|Mixed Platforms.Build.0 = Debug|x86
		{58F1F1A4-33C7-42B4-ABC4-5DCB44AF0B5E}.Debug|x86.ActiveCfg = Debug|x86
		{58F1F1A4-33C7-42B4-ABC4-5DCB44AF0B5E}.Debug|x86.Build.0 = Debug|x86
		{58F1F1A4-33C7-42B4-ABC4-5DCB44AF0B5E}.Release|Any CPU.ActiveCfg = Release|x86
		{58F1F1A4-33C7-42B4-ABC4-5DCB44AF0B5E}.Release|Mixed Platforms.ActiveCfg = Release|x86
		{58F1F1A4-33C7-42B4-ABC4-5DCB44AF0B5E}.Release|Mixed Platforms.Build.0 = Release|x86
		{58F1F1A4-33C7-42B4-ABC4-5DCB44AF0B5E}.Release|x86.ActiveCfg = Release|x86
		{58F1F1A4-33C7-42B4-ABC4-5DCB44AF0B5E}.Release|x86.Build.0 = Release|x86
	EndGlobalSection
	GlobalSection(SolutionProperties) = preSolution
		HideSolutionNode = FALSE
	EndGlobalSection
	GlobalSection(NestedProjects) = preSolution
		{783C202F-BA87-4A0C-BBBB-4A22FAC1EE25} = {EF885282-048F-4E10-BAD4-B274CC243515}
		{8E6F7F97-3271-4638-B901-633725F60D75} = {EF885282-048F-4E10-BAD4-B274CC243515}
		{FA202670-4BCF-4444-B082-3AFBFBB4D5E8} = {783C202F-BA87-4A0C-BBBB-4A22FAC1EE25}
		{27F090CD-B7D5-4AB6-A905-87D044DBD97F} = {783C202F-BA87-4A0C-BBBB-4A22FAC1EE25}
		{C3785974-E352-4809-98F1-0ACED463D643} = {783C202F-BA87-4A0C-BBBB-4A22FAC1EE25}
		{6BB7C280-6025-4EC3-89E8-B84E3AAA10C3} = {783C202F-BA87-4A0C-BBBB-4A22FAC1EE25}
		{7001A56A-0294-4216-8EB1-E84E60BD463C} = {A3EE8A92-3CD5-4F8D-9962-6E70A5D54FDF}
		{BD58E67F-0888-446B-A73D-59097857805A} = {A3EE8A92-3CD5-4F8D-9962-6E70A5D54FDF}
		{11522EDE-2062-4547-B072-51041E81C697} = {C87EB4E0-F35F-4C23-8EC3-09EDE3ADFC30}
		{7A9ABA6D-C7EB-48E4-8B5D-9F83CE63363B} = {C87EB4E0-F35F-4C23-8EC3-09EDE3ADFC30}
		{77D147AD-C9F3-4FC6-B777-A162743875B0} = {C87EB4E0-F35F-4C23-8EC3-09EDE3ADFC30}
		{7EFFF5F3-68C9-4197-BBB3-D4EB1F25E078} = {C87EB4E0-F35F-4C23-8EC3-09EDE3ADFC30}
		{5BD93641-4221-4C36-9D26-A244DA662031} = {732852EF-A324-45C6-99B5-4D774B80DA0D}
		{8986E5DB-3B09-4B87-8A13-0B56C0142E35} = {732852EF-A324-45C6-99B5-4D774B80DA0D}
		{A8A67260-4859-4C6D-AC2E-D98AEB2F352A} = {8E6F7F97-3271-4638-B901-633725F60D75}
		{58F1F1A4-33C7-42B4-ABC4-5DCB44AF0B5E} = {8E6F7F97-3271-4638-B901-633725F60D75}
	EndGlobalSection
EndGlobal
